# THIS IS AN AUTOGENERATED FILE. DO NOT EDIT THIS FILE DIRECTLY.
# yarn lockfile v1


body-parser@1.0.0:
  version "1.0.0"
  resolved "https://registry.yarnpkg.com/body-parser/-/body-parser-1.0.0.tgz#95c8a2861cd150dc195d50840ea4614149455e80"
  integrity sha512-nBv25q4Mmz/ObizPi2xoi5elHpvaQheNWYMfAziwEbjnY6taSY50AAtSt+ZUdFJxU7PI6vTZLsuchQRE4epcuQ==
  dependencies:
    qs "~0.6.6"
    raw-body "~1.1.2"

body-parser@2.0.0:
  version "1.10.0"
  resolved "https://registry.yarnpkg.com/body-parser/-/body-parser-1.10.0.tgz#f884d11839af09e3c61e5011059e29cbfe452085"
  integrity sha512-VEoXZduApGvhp4tSaYbLTb8BpFM/uhAS2aTclS5U8O2Usu0LiCMwq7z1axhc47KsvCcWGxijAfbKfAXjJZRxPw==
  dependencies:
    bytes "1.0.0"
    depd "~1.0.0"
    iconv-lite "0.4.5"
    media-typer "0.3.0"
    on-finished "~2.1.1"
    qs "2.3.3"
    raw-body "1.3.1"
    type-is "~1.5.3"

bytes@1, bytes@1.0.0:
  version "1.0.0"
  resolved "https://registry.yarnpkg.com/bytes/-/bytes-1.0.0.tgz#3569ede8ba34315fab99c3e92cb04c7220de1fa8"
  integrity sha512-/x68VkHLeTl3/Ll8IvxdwzhrT+IyKc52e/oyHhA2RwqPqswSnjVbSddfPRwAsJtbilMAPSRWwAlpxdYsSWOTKQ==

depd@~1.0.0:
  version "1.0.1"
  resolved "https://registry.yarnpkg.com/depd/-/depd-1.0.1.tgz#80aec64c9d6d97e65cc2a9caa93c0aa6abf73aaa"
  integrity sha512-OEWAMbCkK9IWQ8pfTvHBhCSqHgR+sk5pbiYqq0FqfARG4Cy+cRsCbITx6wh5pcsmfBPiJAcbd98tfdz5fnBbag==

ee-first@1.1.0:
  version "1.1.0"
  resolved "https://registry.yarnpkg.com/ee-first/-/ee-first-1.1.0.tgz#6a0d7c6221e490feefd92ec3f441c9ce8cd097f4"
  integrity sha512-n4X/DaHVKHyDy1Rwuzm1UPjTRIBSarj1BBZ5R5HLOFLn58yhw510qoF1zk94jjkw3mXScdsmMtYCNR1jsAJlEA==

iconv-lite@0.4.5:
  version "0.4.5"
  resolved "https://registry.yarnpkg.com/iconv-lite/-/iconv-lite-0.4.5.tgz#9c574b70c30d615859f2064d2be4335ad6b1a8d6"
  integrity sha512-LQ4GtDkFagYaac8u4rE73zWu7h0OUUmR0qVBOgzLyFSoJhoDG2xV9PZJWWyVVcYha/9/RZzQHUinFMbNKiOoAA==

media-typer@0.3.0:
  version "0.3.0"
  resolved "https://registry.yarnpkg.com/media-typer/-/media-typer-0.3.0.tgz#8710d7af0aa626f8fffa1ce00168545263255748"
  integrity sha512-dq+qelQ9akHpcOl/gUVRTxVIOkAJ1wR3QAvb4RsVjS8oVoFjDGTc679wJYmUmknUF5HwMLOgb5O+a3KxfWapPQ==

mime-db@~1.12.0:
  version "1.12.0"
  resolved "https://registry.yarnpkg.com/mime-db/-/mime-db-1.12.0.tgz#3d0c63180f458eb10d325aaa37d7c58ae312e9d7"
  integrity sha512-5aMAW7I4jZoZB27fXRuekqc4DVvJ7+hM8UcWrNj2mqibE54gXgPSonBYBdQW5hyaVNGmiYjY0ZMqn9fBefWYvA==

mime-types@~2.0.9:
  version "2.0.14"
  resolved "https://registry.yarnpkg.com/mime-types/-/mime-types-2.0.14.tgz#310e159db23e077f8bb22b748dabfa4957140aa6"
  integrity sha512-2ZHUEstNkIf2oTWgtODr6X0Cc4Ns/RN/hktdozndiEhhAC2wxXejF1FH0XLHTEImE9h6gr/tcnr3YOnSGsxc7Q==
  dependencies:
    mime-db "~1.12.0"

on-finished@~2.1.1:
  version "2.1.1"
  resolved "https://registry.yarnpkg.com/on-finished/-/on-finished-2.1.1.tgz#f82ca1c9e3a4f3286b1b9938610e5b8636bd3cb2"
  integrity sha512-3ljOi5Zrf46pSbY/39CaJulZQN9XRfmeWqXkeWddhhKD7B4n7nOTisLdaZmAXI1P3A57peTj4pHokMY8X7ICCA==
  dependencies:
    ee-first "1.1.0"

qs@2.3.3:
  version "2.3.3"
  resolved "https://registry.yarnpkg.com/qs/-/qs-2.3.3.tgz#e9e85adbe75da0bbe4c8e0476a086290f863b404"
  integrity sha512-f5M0HQqZWkzU8GELTY8LyMrGkr3bPjKoFtTkwUEqJQbcljbeK8M7mliP9Ia2xoOI6oMerp+QPS7oYJtpGmWe/A==

qs@~0.6.6:
  version "0.6.6"
  resolved "https://registry.yarnpkg.com/qs/-/qs-0.6.6.tgz#6e015098ff51968b8a3c819001d5f2c89bc4b107"
  integrity sha512-kN+yNdAf29Jgp+AYHUmC7X4QdJPR8czuMWLNLc0aRxkQ7tB3vJQEONKKT9ou/rW7EbqVec11srC9q9BiVbcnHA==

raw-body@1.3.1:
  version "1.3.1"
  resolved "https://registry.yarnpkg.com/raw-body/-/raw-body-1.3.1.tgz#26a1491059086fd121942232d16758cd2817f815"
  integrity sha512-x8EmVKh0fEOk/mlAl4P0NsLW6zH90FeXNGiOpFlvd1JPZH/3q4Wcngev7FI5Z5z8pjTn/1or0sAtxvF0558Dew==
  dependencies:
    bytes "1"
    iconv-lite "0.4.5"

raw-body@~1.1.2:
  version "1.1.7"
  resolved "https://registry.yarnpkg.com/raw-body/-/raw-body-1.1.7.tgz#1d027c2bfa116acc6623bca8f00016572a87d425"
  integrity sha512-WmJJU2e9Y6M5UzTOkHaM7xJGAPQD8PNzx3bAd2+uhZAim6wDk6dAZxPVYLF67XhbR4hmKGh33Lpmh4XWrCH5Mg==
  dependencies:
    bytes "1"
    string_decoder "0.10"

string_decoder@0.10:
  version "0.10.31"
  resolved "https://registry.yarnpkg.com/string_decoder/-/string_decoder-0.10.31.tgz#62e203bc41766c6c28c9fc84301dab1c5310fa94"
  integrity sha512-ev2QzSzWPYmy9GuqfIVildA4OdcGLeFZQrq5ys6RtiuF+RQQiZWr8TZNyAcuVXyQRYfEO+MsoB/1BuQVhOJuoQ==

type-is@~1.5.3:
  version "1.5.7"
  resolved "https://registry.yarnpkg.com/type-is/-/type-is-1.5.7.tgz#b9368a593cc6ef7d0645e78b2f4c64cbecd05e90"
  integrity sha512-of68V0oUmVH4thGc1cLR3sKdICPsaL7kzpYc7FX1pcagY4eIllhyMqQcoOq289f+xj2orm8oPWwsCwxiCgVJbQ==
  dependencies:
    media-typer "0.3.0"
    mime-types "~2.0.9"
